{
    "name": "@debut/plugin-grid",
    "version": "1.0.8",
    "lockfileVersion": 2,
    "requires": true,
    "packages": {
        "": {
            "name": "@debut/plugin-grid",
            "version": "1.0.8",
            "license": "Apache-2.0",
            "dependencies": {
                "@debut/plugin-utils": "^1.0.5",
                "@debut/types": "^1.0.7"
            }
        },
        "../utils": {
            "name": "@debut/plugin-utils",
            "version": "1.0.5",
            "license": "Apache-2.0",
            "devDependencies": {
                "@debut/types": "^1.0.1",
                "@types/node": "^15.6.1"
            },
            "peerDependencies": {
                "@debut/types": "^1.0.7"
            }
        },
        "node_modules/@debut/plugin-utils": {
            "resolved": "../utils",
            "link": true
        },
        "node_modules/@debut/types": {
            "version": "1.0.5",
            "resolved": "https://registry.npmjs.org/@debut/types/-/types-1.0.5.tgz",
            "integrity": "sha512-FNFi59KNSZ0LPmtOSEr9DiUjsEyKeixo9u81djcMsKPAe+64seS2LnwEWIp27yImTWKyZMvUxJjyd9BLgXXoDg=="
        }
    },
    "dependencies": {
        "@debut/plugin-utils": {
            "version": "file:../utils",
            "requires": {
                "@debut/types": "^1.0.1",
                "@types/node": "^15.6.1"
            }
        },
        "@debut/types": {
            "version": "1.0.5",
            "resolved": "https://registry.npmjs.org/@debut/types/-/types-1.0.5.tgz",
            "integrity": "sha512-FNFi59KNSZ0LPmtOSEr9DiUjsEyKeixo9u81djcMsKPAe+64seS2LnwEWIp27yImTWKyZMvUxJjyd9BLgXXoDg=="
        }
    }
}
