{
    "name": "@debut/plugin-grid",
    "version": "1.5.11",
    "lockfileVersion": 2,
    "requires": true,
    "packages": {
        "": {
            "name": "@debut/plugin-grid",
            "version": "1.5.11",
            "license": "Apache-2.0",
            "peerDependencies": {
                "@debut/plugin-utils": "^2.0.0",
                "@debut/plugin-virtual-takes": "^2.0.4",
                "@debut/types": "^4.0.6"
            }
        },
        "node_modules/@debut/plugin-utils": {
            "version": "2.0.0",
            "resolved": "https://registry.npmjs.org/@debut/plugin-utils/-/plugin-utils-2.0.0.tgz",
            "integrity": "sha512-H7rLPEAeKg6hTx23Bmq9d4PDkz8UjVK6vGZ9Xbe4zlXBPpI289tjbcWZGOPew4C/F7l87fX5WG9vWWCErlh+WA==",
            "peer": true,
            "peerDependencies": {
                "@debut/types": "^4.0.0"
            }
        },
        "node_modules/@debut/plugin-virtual-takes": {
            "version": "2.0.4",
            "resolved": "https://registry.npmjs.org/@debut/plugin-virtual-takes/-/plugin-virtual-takes-2.0.4.tgz",
            "integrity": "sha512-SGBzGze3uYNs8HFOegBBOeGB7pVIIjZmPzjGxKVWKTjPvn4oKRC/osxMkJg9F7APZn7ispGX9CzmWn8VpKuyKg==",
            "peer": true,
            "peerDependencies": {
                "@debut/types": "^4.0.3"
            }
        },
        "node_modules/@debut/types": {
            "version": "4.0.6",
            "resolved": "https://registry.npmjs.org/@debut/types/-/types-4.0.6.tgz",
            "integrity": "sha512-xatVUUi4GwxvD2GiDrwJaUkcz0xxCh3PNA+ZA5Gdu8uHsAfqML1JfJuFWcRS23CO6+LUt9fBE4E7ZGLnWvacyw==",
            "peer": true
        }
    },
    "dependencies": {
        "@debut/plugin-utils": {
            "version": "2.0.0",
            "resolved": "https://registry.npmjs.org/@debut/plugin-utils/-/plugin-utils-2.0.0.tgz",
            "integrity": "sha512-H7rLPEAeKg6hTx23Bmq9d4PDkz8UjVK6vGZ9Xbe4zlXBPpI289tjbcWZGOPew4C/F7l87fX5WG9vWWCErlh+WA==",
            "peer": true,
            "requires": {}
        },
        "@debut/plugin-virtual-takes": {
            "version": "2.0.4",
            "resolved": "https://registry.npmjs.org/@debut/plugin-virtual-takes/-/plugin-virtual-takes-2.0.4.tgz",
            "integrity": "sha512-SGBzGze3uYNs8HFOegBBOeGB7pVIIjZmPzjGxKVWKTjPvn4oKRC/osxMkJg9F7APZn7ispGX9CzmWn8VpKuyKg==",
            "peer": true,
            "requires": {}
        },
        "@debut/types": {
            "version": "4.0.6",
            "resolved": "https://registry.npmjs.org/@debut/types/-/types-4.0.6.tgz",
            "integrity": "sha512-xatVUUi4GwxvD2GiDrwJaUkcz0xxCh3PNA+ZA5Gdu8uHsAfqML1JfJuFWcRS23CO6+LUt9fBE4E7ZGLnWvacyw==",
            "peer": true
        }
    }
}
