{
    "name": "@debut/plugin-grid",
    "version": "1.2.3",
    "lockfileVersion": 2,
    "requires": true,
    "packages": {
        "": {
            "name": "@debut/plugin-grid",
            "version": "1.2.3",
            "license": "Apache-2.0",
            "dependencies": {
                "@debut/plugin-dynamic-takes": "^1.4.0"
            },
            "peerDependencies": {
                "@debut/plugin-utils": "^1.2.0",
                "@debut/types": "^3.0.0"
            }
        },
        "node_modules/@debut/plugin-dynamic-takes": {
            "version": "1.4.0",
            "resolved": "https://registry.npmjs.org/@debut/plugin-dynamic-takes/-/plugin-dynamic-takes-1.4.0.tgz",
            "integrity": "sha512-mTANEV8ESi8x9C6OBdawRMkk142TZSZ58UyBT1WjmROodmF2lSN+iTKuF63mKREftwq45mAJQGOscCAFSkWYVw==",
            "peerDependencies": {
                "@debut/plugin-utils": "^1.2.0",
                "@debut/types": "^3.0.0"
            }
        },
        "node_modules/@debut/plugin-utils": {
            "version": "1.2.0",
            "resolved": "https://registry.npmjs.org/@debut/plugin-utils/-/plugin-utils-1.2.0.tgz",
            "integrity": "sha512-bJFVGgzOWD5S0zTVs7C+O7WmFNSkcQef3WadmJz3CE4JzUY93eOxSwu8yJT2+EhJ49Wd4+g2mkxmCAYKq/mfPg==",
            "peer": true,
            "peerDependencies": {
                "@debut/types": "^3.0.0"
            }
        },
        "node_modules/@debut/types": {
            "version": "3.0.0",
            "resolved": "https://registry.npmjs.org/@debut/types/-/types-3.0.0.tgz",
            "integrity": "sha512-L8TuG2opqpG0d4toJdiuatMKh1PPo2GUhuOd6lWLMUYuTEFTVcZ3bgU5A7zxmIqyYooqkm0N1dYFzh34dHyYMw==",
            "peer": true
        }
    },
    "dependencies": {
        "@debut/plugin-dynamic-takes": {
            "version": "1.4.0",
            "resolved": "https://registry.npmjs.org/@debut/plugin-dynamic-takes/-/plugin-dynamic-takes-1.4.0.tgz",
            "integrity": "sha512-mTANEV8ESi8x9C6OBdawRMkk142TZSZ58UyBT1WjmROodmF2lSN+iTKuF63mKREftwq45mAJQGOscCAFSkWYVw==",
            "requires": {}
        },
        "@debut/plugin-utils": {
            "version": "1.2.0",
            "resolved": "https://registry.npmjs.org/@debut/plugin-utils/-/plugin-utils-1.2.0.tgz",
            "integrity": "sha512-bJFVGgzOWD5S0zTVs7C+O7WmFNSkcQef3WadmJz3CE4JzUY93eOxSwu8yJT2+EhJ49Wd4+g2mkxmCAYKq/mfPg==",
            "peer": true,
            "requires": {}
        },
        "@debut/types": {
            "version": "3.0.0",
            "resolved": "https://registry.npmjs.org/@debut/types/-/types-3.0.0.tgz",
            "integrity": "sha512-L8TuG2opqpG0d4toJdiuatMKh1PPo2GUhuOd6lWLMUYuTEFTVcZ3bgU5A7zxmIqyYooqkm0N1dYFzh34dHyYMw==",
            "peer": true
        }
    }
}
