{
    "name": "@debut/plugin-dynamic-takes",
    "version": "1.2.1",
    "lockfileVersion": 2,
    "requires": true,
    "packages": {
        "": {
            "name": "@debut/plugin-dynamic-takes",
            "version": "1.2.1",
            "license": "Apache-2.0",
            "peerDependencies": {
                "@debut/plugin-utils": "^1.0.21",
                "@debut/types": "^1.2.3"
            }
        },
        "node_modules/@debut/plugin-utils": {
            "version": "1.0.22",
            "resolved": "https://registry.npmjs.org/@debut/plugin-utils/-/plugin-utils-1.0.22.tgz",
            "integrity": "sha512-3/kt94+nulCo0J+0tDk85gw38XMwCuPoA/lz6C9C2Dz9pYCWqeInGES6n3ip4hgcYs7DTGquO7gCRa/dsbW9Cw==",
            "peer": true,
            "peerDependencies": {
                "@debut/types": "^1.2.2"
            }
        },
        "node_modules/@debut/types": {
            "version": "1.2.3",
            "resolved": "https://registry.npmjs.org/@debut/types/-/types-1.2.3.tgz",
            "integrity": "sha512-tLl0SJjz8H8yr3Er036bI3Rs25uVVxQut6tdD6NO4D6ySvp5Y0ydN3yCKiEWPDmuUPBelHAQ7NXT0106+d6AGg==",
            "peer": true
        }
    },
    "dependencies": {
        "@debut/plugin-utils": {
            "version": "1.0.22",
            "resolved": "https://registry.npmjs.org/@debut/plugin-utils/-/plugin-utils-1.0.22.tgz",
            "integrity": "sha512-3/kt94+nulCo0J+0tDk85gw38XMwCuPoA/lz6C9C2Dz9pYCWqeInGES6n3ip4hgcYs7DTGquO7gCRa/dsbW9Cw==",
            "peer": true,
            "requires": {}
        },
        "@debut/types": {
            "version": "1.2.3",
            "resolved": "https://registry.npmjs.org/@debut/types/-/types-1.2.3.tgz",
            "integrity": "sha512-tLl0SJjz8H8yr3Er036bI3Rs25uVVxQut6tdD6NO4D6ySvp5Y0ydN3yCKiEWPDmuUPBelHAQ7NXT0106+d6AGg==",
            "peer": true
        }
    }
}
