{
    "name": "@debut/plugin-dynamic-takes",
    "version": "1.1.2",
    "lockfileVersion": 2,
    "requires": true,
    "packages": {
        "": {
            "name": "@debut/plugin-dynamic-takes",
            "version": "1.1.2",
            "license": "Apache-2.0",
            "peerDependencies": {
                "@debut/plugin-utils": "^1.0.17",
                "@debut/types": "^1.1.0"
            }
        },
        "node_modules/@debut/plugin-utils": {
            "version": "1.0.17",
            "resolved": "https://registry.npmjs.org/@debut/plugin-utils/-/plugin-utils-1.0.17.tgz",
            "integrity": "sha512-3x+R6yvU1CnCy7TiWpCYpzZj90GA2N6L5rnxivxuDJNyHSeDMgrHL5RrqdTILF7xfDQ2T84KvoBzaeeCVykjYw==",
            "peer": true,
            "peerDependencies": {
                "@debut/types": "^1.1.0"
            }
        },
        "node_modules/@debut/types": {
            "version": "1.1.0",
            "resolved": "https://registry.npmjs.org/@debut/types/-/types-1.1.0.tgz",
            "integrity": "sha512-YnOzDCFzYR0krLFuba30ygxws422LVc22CGcaNMUrJlJflEYg72ochlJJkxe7W6iJEqSieLQGEmKdx8/8nLUOQ==",
            "peer": true
        }
    },
    "dependencies": {
        "@debut/plugin-utils": {
            "version": "1.0.17",
            "resolved": "https://registry.npmjs.org/@debut/plugin-utils/-/plugin-utils-1.0.17.tgz",
            "integrity": "sha512-3x+R6yvU1CnCy7TiWpCYpzZj90GA2N6L5rnxivxuDJNyHSeDMgrHL5RrqdTILF7xfDQ2T84KvoBzaeeCVykjYw==",
            "peer": true,
            "requires": {}
        },
        "@debut/types": {
            "version": "1.1.0",
            "resolved": "https://registry.npmjs.org/@debut/types/-/types-1.1.0.tgz",
            "integrity": "sha512-YnOzDCFzYR0krLFuba30ygxws422LVc22CGcaNMUrJlJflEYg72ochlJJkxe7W6iJEqSieLQGEmKdx8/8nLUOQ==",
            "peer": true
        }
    }
}
