{
    "name": "@debut/plugin-dynamic-takes",
    "version": "1.1.3",
    "lockfileVersion": 2,
    "requires": true,
    "packages": {
        "": {
            "name": "@debut/plugin-dynamic-takes",
            "version": "1.1.3",
            "license": "Apache-2.0",
            "peerDependencies": {
                "@debut/plugin-utils": "^1.0.19",
                "@debut/types": "^1.1.0"
            }
        },
        "node_modules/@debut/plugin-utils": {
            "version": "1.0.19",
            "resolved": "https://registry.npmjs.org/@debut/plugin-utils/-/plugin-utils-1.0.19.tgz",
            "integrity": "sha512-nEkZ6X6P6Z7VNGIdgPUonigaA+phV+KukfeqOQT10l9sFY0Z8H7dMbt+p+s08+DKTrKngpaDtCDtPNDBDam+bA==",
            "peer": true,
            "peerDependencies": {
                "@debut/types": "^1.1.0"
            }
        },
        "node_modules/@debut/types": {
            "version": "1.1.0",
            "resolved": "https://registry.npmjs.org/@debut/types/-/types-1.1.0.tgz",
            "integrity": "sha512-YnOzDCFzYR0krLFuba30ygxws422LVc22CGcaNMUrJlJflEYg72ochlJJkxe7W6iJEqSieLQGEmKdx8/8nLUOQ==",
            "peer": true
        }
    },
    "dependencies": {
        "@debut/plugin-utils": {
            "version": "1.0.19",
            "resolved": "https://registry.npmjs.org/@debut/plugin-utils/-/plugin-utils-1.0.19.tgz",
            "integrity": "sha512-nEkZ6X6P6Z7VNGIdgPUonigaA+phV+KukfeqOQT10l9sFY0Z8H7dMbt+p+s08+DKTrKngpaDtCDtPNDBDam+bA==",
            "peer": true,
            "requires": {}
        },
        "@debut/types": {
            "version": "1.1.0",
            "resolved": "https://registry.npmjs.org/@debut/types/-/types-1.1.0.tgz",
            "integrity": "sha512-YnOzDCFzYR0krLFuba30ygxws422LVc22CGcaNMUrJlJflEYg72ochlJJkxe7W6iJEqSieLQGEmKdx8/8nLUOQ==",
            "peer": true
        }
    }
}
