{
    "name": "@debut/plugin-genetic-shutdown",
    "version": "1.0.19",
    "lockfileVersion": 2,
    "requires": true,
    "packages": {
        "": {
            "name": "@debut/plugin-genetic-shutdown",
            "version": "1.0.19",
            "license": "Apache-2.0",
            "peerDependencies": {
                "@debut/plugin-stats": "^1.1.2",
                "@debut/types": "^2.0.5"
            }
        },
        "node_modules/@debut/plugin-stats": {
            "version": "1.1.2",
            "resolved": "https://registry.npmjs.org/@debut/plugin-stats/-/plugin-stats-1.1.2.tgz",
            "integrity": "sha512-ku9bXqh9i93xbNU5e9Pl+Pbj5JEzfGEo/bhBF22+pClHJCd6WoMw/gHgSWYUiTuhb0FZUWGPrAgF5E4gtkn95A==",
            "peer": true,
            "peerDependencies": {
                "@debut/types": "^2.0.0"
            }
        },
        "node_modules/@debut/types": {
            "version": "2.0.5",
            "resolved": "https://registry.npmjs.org/@debut/types/-/types-2.0.5.tgz",
            "integrity": "sha512-m3s2vQfu71wtP4dBnTcpMykVEE3VbznL/nO5ofdRkrrFLfNxp/oGiyU4DOXnZh106od5IQzXHr7k0XzF0lg7tQ==",
            "peer": true
        }
    },
    "dependencies": {
        "@debut/plugin-stats": {
            "version": "1.1.2",
            "resolved": "https://registry.npmjs.org/@debut/plugin-stats/-/plugin-stats-1.1.2.tgz",
            "integrity": "sha512-ku9bXqh9i93xbNU5e9Pl+Pbj5JEzfGEo/bhBF22+pClHJCd6WoMw/gHgSWYUiTuhb0FZUWGPrAgF5E4gtkn95A==",
            "peer": true,
            "requires": {}
        },
        "@debut/types": {
            "version": "2.0.5",
            "resolved": "https://registry.npmjs.org/@debut/types/-/types-2.0.5.tgz",
            "integrity": "sha512-m3s2vQfu71wtP4dBnTcpMykVEE3VbznL/nO5ofdRkrrFLfNxp/oGiyU4DOXnZh106od5IQzXHr7k0XzF0lg7tQ==",
            "peer": true
        }
    }
}
