{
    "name": "@debut/plugin-genetic-shutdown",
    "version": "1.0.14",
    "lockfileVersion": 2,
    "requires": true,
    "packages": {
        "": {
            "name": "@debut/plugin-genetic-shutdown",
            "version": "1.0.14",
            "license": "Apache-2.0",
            "peerDependencies": {
                "@debut/plugin-stats": "^1.0.14",
                "@debut/types": "^1.0.24"
            }
        },
        "node_modules/@debut/plugin-stats": {
            "version": "1.0.14",
            "resolved": "https://registry.npmjs.org/@debut/plugin-stats/-/plugin-stats-1.0.14.tgz",
            "integrity": "sha512-VlIxq1mWOJr4bgnc+dirMNAwmmVmTzHCM8gf1WkKJeKDgCMmKj4uzN9JpOt9W7h3Ipg834g/3xUOqOWDw2Ka3w==",
            "peer": true,
            "peerDependencies": {
                "@debut/types": "^1.0.24"
            }
        },
        "node_modules/@debut/types": {
            "version": "1.0.24",
            "resolved": "https://registry.npmjs.org/@debut/types/-/types-1.0.24.tgz",
            "integrity": "sha512-+4ptAxz7STvl7RLnSiu7pF5pmVAXEqUog34l/9RhJDttlvW8oxk+r7vEtrVALQNR+kxCpKcBgalwQeLO7e3UZg==",
            "peer": true
        }
    },
    "dependencies": {
        "@debut/plugin-stats": {
            "version": "1.0.14",
            "resolved": "https://registry.npmjs.org/@debut/plugin-stats/-/plugin-stats-1.0.14.tgz",
            "integrity": "sha512-VlIxq1mWOJr4bgnc+dirMNAwmmVmTzHCM8gf1WkKJeKDgCMmKj4uzN9JpOt9W7h3Ipg834g/3xUOqOWDw2Ka3w==",
            "peer": true,
            "requires": {}
        },
        "@debut/types": {
            "version": "1.0.24",
            "resolved": "https://registry.npmjs.org/@debut/types/-/types-1.0.24.tgz",
            "integrity": "sha512-+4ptAxz7STvl7RLnSiu7pF5pmVAXEqUog34l/9RhJDttlvW8oxk+r7vEtrVALQNR+kxCpKcBgalwQeLO7e3UZg==",
            "peer": true
        }
    }
}
