{
    "name": "@debut/plugin-genetic-shutdown",
    "version": "1.3.0-beta.3",
    "lockfileVersion": 2,
    "requires": true,
    "packages": {
        "": {
            "name": "@debut/plugin-genetic-shutdown",
            "version": "1.3.0-beta.3",
            "license": "Apache-2.0",
            "peerDependencies": {
                "@debut/plugin-stats": "^1.4.0-beta.2",
                "@debut/types": "^3.2.1-beta.4"
            }
        },
        "node_modules/@debut/plugin-stats": {
            "version": "1.4.0-beta.2",
            "resolved": "https://registry.npmjs.org/@debut/plugin-stats/-/plugin-stats-1.4.0-beta.2.tgz",
            "integrity": "sha512-+7ybYwPNgpXnoOlHDNRbP84aFJ9KODBg3mJl5cUuw1uSyGXQrRvqySPkxbtLv2PVQrvJOmmEHJIdF0Mr4uYsvw==",
            "peer": true,
            "peerDependencies": {
                "@debut/types": "^3.2.1-beta.1"
            }
        },
        "node_modules/@debut/types": {
            "version": "3.2.1-beta.4",
            "resolved": "https://registry.npmjs.org/@debut/types/-/types-3.2.1-beta.4.tgz",
            "integrity": "sha512-KnnHdEe+Ukwxh+9I7IjAdvlpMzv2V6ZAUS3a/8fqRN5/hBPvXB/OweCEW70ezDWKOU2UFH8maogDGJR03GwQtA==",
            "peer": true
        }
    },
    "dependencies": {
        "@debut/plugin-stats": {
            "version": "1.4.0-beta.2",
            "resolved": "https://registry.npmjs.org/@debut/plugin-stats/-/plugin-stats-1.4.0-beta.2.tgz",
            "integrity": "sha512-+7ybYwPNgpXnoOlHDNRbP84aFJ9KODBg3mJl5cUuw1uSyGXQrRvqySPkxbtLv2PVQrvJOmmEHJIdF0Mr4uYsvw==",
            "peer": true,
            "requires": {}
        },
        "@debut/types": {
            "version": "3.2.1-beta.4",
            "resolved": "https://registry.npmjs.org/@debut/types/-/types-3.2.1-beta.4.tgz",
            "integrity": "sha512-KnnHdEe+Ukwxh+9I7IjAdvlpMzv2V6ZAUS3a/8fqRN5/hBPvXB/OweCEW70ezDWKOU2UFH8maogDGJR03GwQtA==",
            "peer": true
        }
    }
}
