{
    "name": "@debut/plugin-debug",
    "version": "1.0.0",
    "lockfileVersion": 2,
    "requires": true,
    "packages": {
        "": {
            "name": "@debut/plugin-debug",
            "version": "1.0.0",
            "license": "Apache-2.0",
            "dependencies": {
                "@debut/plugin-stats": "^1.0.0"
            }
        },
        "node_modules/@debut/plugin-stats": {
            "version": "1.0.2",
            "resolved": "https://registry.npmjs.org/@debut/plugin-stats/-/plugin-stats-1.0.2.tgz",
            "integrity": "sha512-COi3eDGsdCqdUCbrCEKWRuTYJaYhOtfqaLycqAt7OvUhDIPqlFav+QHWnEKJcK+P89ufafLl69fOs0Rxm6KOdQ=="
        }
    },
    "dependencies": {
        "@debut/plugin-stats": {
            "version": "1.0.2",
            "resolved": "https://registry.npmjs.org/@debut/plugin-stats/-/plugin-stats-1.0.2.tgz",
            "integrity": "sha512-COi3eDGsdCqdUCbrCEKWRuTYJaYhOtfqaLycqAt7OvUhDIPqlFav+QHWnEKJcK+P89ufafLl69fOs0Rxm6KOdQ=="
        }
    }
}
