{
    "name": "@debut/plugin-virtual-takes",
    "version": "1.2.3",
    "lockfileVersion": 2,
    "requires": true,
    "packages": {
        "": {
            "name": "@debut/plugin-virtual-takes",
            "version": "1.2.3",
            "license": "Apache-2.0",
            "peerDependencies": {
                "@debut/types": "^3.0.1"
            }
        },
        "node_modules/@debut/types": {
            "version": "3.0.1",
            "resolved": "https://registry.npmjs.org/@debut/types/-/types-3.0.1.tgz",
            "integrity": "sha512-LqPzwYut7vXmwqlGeHzavY51kA1k7cD9y90p0/+touNtF3zp1CJV7hIu6+Q5ytVe60e/EO951Yjkb2wMqObpqg==",
            "peer": true
        }
    },
    "dependencies": {
        "@debut/types": {
            "version": "3.0.1",
            "resolved": "https://registry.npmjs.org/@debut/types/-/types-3.0.1.tgz",
            "integrity": "sha512-LqPzwYut7vXmwqlGeHzavY51kA1k7cD9y90p0/+touNtF3zp1CJV7hIu6+Q5ytVe60e/EO951Yjkb2wMqObpqg==",
            "peer": true
        }
    }
}
