{
    "name": "@debut/plugin-virtual-takes",
    "version": "1.4.0-beta.8",
    "lockfileVersion": 2,
    "requires": true,
    "packages": {
        "": {
            "name": "@debut/plugin-virtual-takes",
            "version": "1.4.0-beta.8",
            "license": "Apache-2.0",
            "peerDependencies": {
                "@debut/types": "^3.2.1-beta.4"
            }
        },
        "node_modules/@debut/types": {
            "version": "3.2.1-beta.4",
            "resolved": "https://registry.npmjs.org/@debut/types/-/types-3.2.1-beta.4.tgz",
            "integrity": "sha512-KnnHdEe+Ukwxh+9I7IjAdvlpMzv2V6ZAUS3a/8fqRN5/hBPvXB/OweCEW70ezDWKOU2UFH8maogDGJR03GwQtA==",
            "peer": true
        }
    },
    "dependencies": {
        "@debut/types": {
            "version": "3.2.1-beta.4",
            "resolved": "https://registry.npmjs.org/@debut/types/-/types-3.2.1-beta.4.tgz",
            "integrity": "sha512-KnnHdEe+Ukwxh+9I7IjAdvlpMzv2V6ZAUS3a/8fqRN5/hBPvXB/OweCEW70ezDWKOU2UFH8maogDGJR03GwQtA==",
            "peer": true
        }
    }
}
