{
    "name": "@debut/plugin-utils",
    "version": "1.4.0-beta.1",
    "lockfileVersion": 2,
    "requires": true,
    "packages": {
        "": {
            "name": "@debut/plugin-utils",
            "version": "1.4.0-beta.1",
            "license": "Apache-2.0",
            "devDependencies": {
                "@types/node": "^18.0.0"
            },
            "peerDependencies": {
                "@debut/types": "^3.2.1-beta.1"
            }
        },
        "node_modules/@debut/types": {
            "version": "3.2.1-beta.1",
            "resolved": "https://registry.npmjs.org/@debut/types/-/types-3.2.1-beta.1.tgz",
            "integrity": "sha512-Hc+BOxSyW7u0GyCH1HDmq7M+kIOlOCLnIQi+rHlrZ7da/71qRJRC1G0huQUwAkKH7ZT8SsDkXdJcf6rgN2nRsA==",
            "peer": true
        },
        "node_modules/@types/node": {
            "version": "18.0.0",
            "resolved": "https://registry.npmjs.org/@types/node/-/node-18.0.0.tgz",
            "integrity": "sha512-cHlGmko4gWLVI27cGJntjs/Sj8th9aYwplmZFwmmgYQQvL5NUsgVJG7OddLvNfLqYS31KFN0s3qlaD9qCaxACA==",
            "dev": true
        }
    },
    "dependencies": {
        "@debut/types": {
            "version": "3.2.1-beta.1",
            "resolved": "https://registry.npmjs.org/@debut/types/-/types-3.2.1-beta.1.tgz",
            "integrity": "sha512-Hc+BOxSyW7u0GyCH1HDmq7M+kIOlOCLnIQi+rHlrZ7da/71qRJRC1G0huQUwAkKH7ZT8SsDkXdJcf6rgN2nRsA==",
            "peer": true
        },
        "@types/node": {
            "version": "18.0.0",
            "resolved": "https://registry.npmjs.org/@types/node/-/node-18.0.0.tgz",
            "integrity": "sha512-cHlGmko4gWLVI27cGJntjs/Sj8th9aYwplmZFwmmgYQQvL5NUsgVJG7OddLvNfLqYS31KFN0s3qlaD9qCaxACA==",
            "dev": true
        }
    }
}
