{
    "name": "@debut/plugin-utils",
    "version": "1.4.0-beta.2",
    "lockfileVersion": 2,
    "requires": true,
    "packages": {
        "": {
            "name": "@debut/plugin-utils",
            "version": "1.4.0-beta.2",
            "license": "Apache-2.0",
            "devDependencies": {
                "@types/node": "^18.0.0"
            },
            "peerDependencies": {
                "@debut/types": "^3.2.1-beta.4"
            }
        },
        "node_modules/@debut/types": {
            "version": "3.2.1-beta.4",
            "resolved": "https://registry.npmjs.org/@debut/types/-/types-3.2.1-beta.4.tgz",
            "integrity": "sha512-KnnHdEe+Ukwxh+9I7IjAdvlpMzv2V6ZAUS3a/8fqRN5/hBPvXB/OweCEW70ezDWKOU2UFH8maogDGJR03GwQtA==",
            "peer": true
        },
        "node_modules/@types/node": {
            "version": "18.0.0",
            "resolved": "https://registry.npmjs.org/@types/node/-/node-18.0.0.tgz",
            "integrity": "sha512-cHlGmko4gWLVI27cGJntjs/Sj8th9aYwplmZFwmmgYQQvL5NUsgVJG7OddLvNfLqYS31KFN0s3qlaD9qCaxACA==",
            "dev": true
        }
    },
    "dependencies": {
        "@debut/types": {
            "version": "3.2.1-beta.4",
            "resolved": "https://registry.npmjs.org/@debut/types/-/types-3.2.1-beta.4.tgz",
            "integrity": "sha512-KnnHdEe+Ukwxh+9I7IjAdvlpMzv2V6ZAUS3a/8fqRN5/hBPvXB/OweCEW70ezDWKOU2UFH8maogDGJR03GwQtA==",
            "peer": true
        },
        "@types/node": {
            "version": "18.0.0",
            "resolved": "https://registry.npmjs.org/@types/node/-/node-18.0.0.tgz",
            "integrity": "sha512-cHlGmko4gWLVI27cGJntjs/Sj8th9aYwplmZFwmmgYQQvL5NUsgVJG7OddLvNfLqYS31KFN0s3qlaD9qCaxACA==",
            "dev": true
        }
    }
}
