{
    "name": "@debut/plugin-more-candles",
    "version": "1.0.0",
    "lockfileVersion": 2,
    "requires": true,
    "packages": {
        "": {
            "name": "@debut/plugin-more-candles",
            "version": "1.0.0",
            "license": "Apache-2.0",
            "peerDependencies": {
                "@debut/types": "^1.1.0"
            }
        },
        "node_modules/@debut/types": {
            "version": "1.1.0",
            "resolved": "https://registry.npmjs.org/@debut/types/-/types-1.1.0.tgz",
            "integrity": "sha512-YnOzDCFzYR0krLFuba30ygxws422LVc22CGcaNMUrJlJflEYg72ochlJJkxe7W6iJEqSieLQGEmKdx8/8nLUOQ==",
            "peer": true
        }
    },
    "dependencies": {
        "@debut/types": {
            "version": "1.1.0",
            "resolved": "https://registry.npmjs.org/@debut/types/-/types-1.1.0.tgz",
            "integrity": "sha512-YnOzDCFzYR0krLFuba30ygxws422LVc22CGcaNMUrJlJflEYg72ochlJJkxe7W6iJEqSieLQGEmKdx8/8nLUOQ==",
            "peer": true
        }
    }
}
